// !$*UTF8*$!
{
	archiveVersion = 1;
	classes = {
	};
	objectVersion = 46;
	objects = {

/* Begin PBXBuildFile section */
		FC1737061C3DD1FC00AA7507 /* AppDelegate.swift in Sources */ = {isa = PBXBuildFile; fileRef = FC1737051C3DD1FC00AA7507 /* AppDelegate.swift */; };
		FC1737081C3DD1FC00AA7507 /* ViewController.swift in Sources */ = {isa = PBXBuildFile; fileRef = FC1737071C3DD1FC00AA7507 /* ViewController.swift */; };
		FC17370B1C3DD1FC00AA7507 /* Main.storyboard in Resources */ = {isa = PBXBuildFile; fileRef = FC1737091C3DD1FC00AA7507 /* Main.storyboard */; };
		FC17370D1C3DD1FC00AA7507 /* Assets.xcassets in Resources */ = {isa = PBXBuildFile; fileRef = FC17370C1C3DD1FC00AA7507 /* Assets.xcassets */; };
		FC1737101C3DD1FC00AA7507 /* LaunchScreen.storyboard in Resources */ = {isa = PBXBuildFile; fileRef = FC17370E1C3DD1FC00AA7507 /* LaunchScreen.storyboard */; };
		FC1737181C3DD2BB00AA7507 /* ModalViewController.swift in Sources */ = {isa = PBXBuildFile; fileRef = FC1737171C3DD2BB00AA7507 /* ModalViewController.swift */; };
/* End PBXBuildFile section */

/* Begin PBXFileReference section */
		FC1737021C3DD1FC00AA7507 /* InteractiveModal.app */ = {isa = PBXFileReference; explicitFileType = wrapper.application; includeInIndex = 0; path = InteractiveModal.app; sourceTree = BUILT_PRODUCTS_DIR; };
		FC1737051C3DD1FC00AA7507 /* AppDelegate.swift */ = {isa = PBXFileReference; lastKnownFileType = sourcecode.swift; path = AppDelegate.swift; sourceTree = "<group>"; };
		FC1737071C3DD1FC00AA7507 /* ViewController.swift */ = {isa = PBXFileReference; lastKnownFileType = sourcecode.swift; path = ViewController.swift; sourceTree = "<group>"; };
		FC17370A1C3DD1FC00AA7507 /* Base */ = {isa = PBXFileReference; lastKnownFileType = file.storyboard; name = Base; path = Base.lproj/Main.storyboard; sourceTree = "<group>"; };
		FC17370C1C3DD1FC00AA7507 /* Assets.xcassets */ = {isa = PBXFileReference; lastKnownFileType = folder.assetcatalog; path = Assets.xcassets; sourceTree = "<group>"; };
		FC17370F1C3DD1FC00AA7507 /* Base */ = {isa = PBXFileReference; lastKnownFileType = file.storyboard; name = Base; path = Base.lproj/LaunchScreen.storyboard; sourceTree = "<group>"; };
		FC1737111C3DD1FC00AA7507 /* Info.plist */ = {isa = PBXFileReference; lastKnownFileType = text.plist.xml; path = Info.plist; sourceTree = "<group>"; };
		FC1737171C3DD2BB00AA7507 /* ModalViewController.swift */ = {isa = PBXFileReference; fileEncoding = 4; lastKnownFileType = sourcecode.swift; path = ModalViewController.swift; sourceTree = "<group>"; };
/* End PBXFileReference section */

/* Begin PBXFrameworksBuildPhase section */
		FC1736FF1C3DD1FC00AA7507 /* Frameworks */ = {
			isa = PBXFrameworksBuildPhase;
			buildActionMask = 2147483647;
			files = (
			);
			runOnlyForDeploymentPostprocessing = 0;
		};
/* End PBXFrameworksBuildPhase section */

/* Begin PBXGroup section */
		FC1736F91C3DD1FC00AA7507 = {
			isa = PBXGroup;
			children = (
				FC1737041C3DD1FC00AA7507 /* InteractiveModal */,
				FC1737031C3DD1FC00AA7507 /* Products */,
			);
			sourceTree = "<group>";
		};
		FC1737031C3DD1FC00AA7507 /* Products */ = {
			isa = PBXGroup;
			children = (
				FC1737021C3DD1FC00AA7507 /* InteractiveModal.app */,
			);
			name = Products;
			sourceTree = "<group>";
		};
		FC1737041C3DD1FC00AA7507 /* InteractiveModal */ = {
			isa = PBXGroup;
			children = (
				FC1737051C3DD1FC00AA7507 /* AppDelegate.swift */,
				FC1737071C3DD1FC00AA7507 /* ViewController.swift */,
				FC1737091C3DD1FC00AA7507 /* Main.storyboard */,
				FC1737171C3DD2BB00AA7507 /* ModalViewController.swift */,
				FC17370C1C3DD1FC00AA7507 /* Assets.xcassets */,
				FC17370E1C3DD1FC00AA7507 /* LaunchScreen.storyboard */,
				FC1737111C3DD1FC00AA7507 /* Info.plist */,
			);
			path = InteractiveModal;
			sourceTree = "<group>";
		};
/* End PBXGroup section */

/* Begin PBXNativeTarget section */
		FC1737011C3DD1FC00AA7507 /* InteractiveModal */ = {
			isa = PBXNativeTarget;
			buildConfigurationList = FC1737141C3DD1FC00AA7507 /* Build configuration list for PBXNativeTarget "InteractiveModal" */;
			buildPhases = (
				FC1736FE1C3DD1FC00AA7507 /* Sources */,
				FC1736FF1C3DD1FC00AA7507 /* Frameworks */,
				FC1737001C3DD1FC00AA7507 /* Resources */,
			);
			buildRules = (
			);
			dependencies = (
			);
			name = InteractiveModal;
			productName = InteractiveModal;
			productReference = FC1737021C3DD1FC00AA7507 /* InteractiveModal.app */;
			productType = "com.apple.product-type.application";
		};
/* End PBXNativeTarget section */

/* Begin PBXProject section */
		FC1736FA1C3DD1FC00AA7507 /* Project object */ = {
			isa = PBXProject;
			attributes = {
				LastSwiftUpdateCheck = 0720;
				LastUpgradeCheck = 0720;
				ORGANIZATIONNAME = "Thorn Technologies";
				TargetAttributes = {
					FC1737011C3DD1FC00AA7507 = {
						CreatedOnToolsVersion = 7.2;
					};
				};
			};
			buildConfigurationList = FC1736FD1C3DD1FC00AA7507 /* Build configuration list for PBXProject "InteractiveModal" */;
			compatibilityVersion = "Xcode 3.2";
			developmentRegion = English;
			hasScannedForEncodings = 0;
			knownRegions = (
				en,
				Base,
			);
			mainGroup = FC1736F91C3DD1FC00AA7507;
			productRefGroup = FC1737031C3DD1FC00AA7507 /* Products */;
			projectDirPath = "";
			projectRoot = "";
			targets = (
				FC1737011C3DD1FC00AA7507 /* InteractiveModal */,
			);
		};
/* End PBXProject section */

/* Begin PBXResourcesBuildPhase section */
		FC1737001C3DD1FC00AA7507 /* Resources */ = {
			isa = PBXResourcesBuildPhase;
			buildActionMask = 2147483647;
			files = (
				FC1737101C3DD1FC00AA7507 /* LaunchScreen.storyboard in Resources */,
				FC17370D1C3DD1FC00AA7507 /* Assets.xcassets in Resources */,
				FC17370B1C3DD1FC00AA7507 /* Main.storyboard in Resources */,
			);
			runOnlyForDeploymentPostprocessing = 0;
		};
/* End PBXResourcesBuildPhase section */

/* Begin PBXSourcesBuildPhase section */
		FC1736FE1C3DD1FC00AA7507 /* Sources */ = {
			isa = PBXSourcesBuildPhase;
			buildActionMask = 2147483647;
			files = (
				FC1737081C3DD1FC00AA7507 /* ViewController.swift in Sources */,
				FC1737181C3DD2BB00AA7507 /* ModalViewController.swift in Sources */,
				FC1737061C3DD1FC00AA7507 /* AppDelegate.swift in Sources */,
			);
			runOnlyForDeploymentPostprocessing = 0;
		};
/* End PBXSourcesBuildPhase section */

/* Begin PBXVariantGroup section */
		FC1737091C3DD1FC00AA7507 /* Main.storyboard */ = {
			isa = PBXVariantGroup;
			children = (
				FC17370A1C3DD1FC00AA7507 /* Base */,
			);
			name = Main.storyboard;
			sourceTree = "<group>";
		};
		FC17370E1C3DD1FC00AA7507 /* LaunchScreen.storyboard */ = {
			isa = PBXVariantGroup;
			children = (
				FC17370F1C3DD1FC00AA7507 /* Base */,
			);
			name = LaunchScreen.storyboard;
			sourceTree = "<group>";
		};
/* End PBXVariantGroup section */

/* Begin XCBuildConfiguration section */
		FC1737121C3DD1FC00AA7507 /* Debug */ = {
			isa = XCBuildConfiguration;
			buildSettings = {
				ALWAYS_SEARCH_USER_PATHS = NO;
				CLANG_CXX_LANGUAGE_STANDARD = "gnu++0x";
				CLANG_CXX_LIBRARY = "libc++";
				CLANG_ENABLE_MODULES = YES;
				CLANG_ENABLE_OBJC_ARC = YES;
				CLANG_WARN_BOOL_CONVERSION = YES;
				CLANG_WARN_CONSTANT_CONVERSION = YES;
				CLANG_WARN_DIRECT_OBJC_ISA_USAGE = YES_ERROR;
				CLANG_WARN_EMPTY_BODY = YES;
				CLANG_WARN_ENUM_CONVERSION = YES;
				CLANG_WARN_INT_CONVERSION = YES;
				CLANG_WARN_OBJC_ROOT_CLASS = YES_ERROR;
				CLANG_WARN_UNREACHABLE_CODE = YES;
				CLANG_WARN__DUPLICATE_METHOD_MATCH = YES;
				"CODE_SIGN_IDENTITY[sdk=iphoneos*]" = "iPhone Developer";
				COPY_PHASE_STRIP = NO;
				DEBUG_INFORMATION_FORMAT = dwarf;
				ENABLE_STRICT_OBJC_MSGSEND = YES;
				ENABLE_TESTABILITY = YES;
				GCC_C_LANGUAGE_STANDARD = gnu99;
				GCC_DYNAMIC_NO_PIC = NO;
				GCC_NO_COMMON_BLOCKS = YES;
				GCC_OPTIMIZATION_LEVEL = 0;
				GCC_PREPROCESSOR_DEFINITIONS = (
					"DEBUG=1",
					"$(inherited)",
				);
				GCC_WARN_64_TO_32_BIT_CONVERSION = YES;
				GCC_WARN_ABOUT_RETURN_TYPE = YES_ERROR;
				GCC_WARN_UNDECLARED_SELECTOR = YES;
				GCC_WARN_UNINITIALIZED_AUTOS = YES_AGGRESSIVE;
				GCC_WARN_UNUSED_FUNCTION = YES;
				GCC_WARN_UNUSED_VARIABLE = YES;
				IPHONEOS_DEPLOYMENT_TARGET = 9.2;
				MTL_ENABLE_DEBUG_INFO = YES;
				ONLY_ACTIVE_ARCH = YES;
				SDKROOT = iphoneos;
				SWIFT_OPTIMIZATION_LEVEL = "-Onone";
				TARGETED_DEVICE_FAMILY = "1,2";
			};
			name = Debug;
		};
		FC1737131C3DD1FC00AA7507 /* Release */ = {
			isa = XCBuildConfiguration;
			buildSettings = {
				ALWAYS_SEARCH_USER_PATHS = NO;
				CLANG_CXX_LANGUAGE_STANDARD = "gnu++0x";
				CLANG_CXX_LIBRARY = "libc++";
				CLANG_ENABLE_MODULES = YES;
				CLANG_ENABLE_OBJC_ARC = YES;
				CLANG_WARN_BOOL_CONVERSION = YES;
				CLANG_WARN_CONSTANT_CONVERSION = YES;
				CLANG_WARN_DIRECT_OBJC_ISA_USAGE = YES_ERROR;
				CLANG_WARN_EMPTY_BODY = YES;
				CLANG_WARN_ENUM_CONVERSION = YES;
				CLANG_WARN_INT_CONVERSION = YES;
				CLANG_WARN_OBJC_ROOT_CLASS = YES_ERROR;
				CLANG_WARN_UNREACHABLE_CODE = YES;
				CLANG_WARN__DUPLICATE_METHOD_MATCH = YES;
				"CODE_SIGN_IDENTITY[sdk=iphoneos*]" = "iPhone Developer";
				COPY_PHASE_STRIP = NO;
				DEBUG_INFORMATION_FORMAT = "dwarf-with-dsym";
				ENABLE_NS_ASSERTIONS = NO;
				ENABLE_STRICT_OBJC_MSGSEND = YES;
				GCC_C_LANGUAGE_STANDARD = gnu99;
				GCC_NO_COMMON_BLOCKS = YES;
				GCC_WARN_64_TO_32_BIT_CONVERSION = YES;
				GCC_WARN_ABOUT_RETURN_TYPE = YES_ERROR;
				GCC_WARN_UNDECLARED_SELECTOR = YES;
				GCC_WARN_UNINITIALIZED_AUTOS = YES_AGGRESSIVE;
				GCC_WARN_UNUSED_FUNCTION = YES;
				GCC_WARN_UNUSED_VARIABLE = YES;
				IPHONEOS_DEPLOYMENT_TARGET = 9.2;
				MTL_ENABLE_DEBUG_INFO = NO;
				SDKROOT = iphoneos;
				TARGETED_DEVICE_FAMILY = "1,2";
				VALIDATE_PRODUCT = YES;
			};
			name = Release;
		};
		FC1737151C3DD1FC00AA7507 /* Debug */ = {
			isa = XCBuildConfiguration;
			buildSettings = {
				ASSETCATALOG_COMPILER_APPICON_NAME = AppIcon;
				INFOPLIST_FILE = InteractiveModal/Info.plist;
				LD_RUNPATH_SEARCH_PATHS = "$(inherited) @executable_path/Frameworks";
				PRODUCT_BUNDLE_IDENTIFIER = com.thorntech.InteractiveModal;
				PRODUCT_NAME = "$(TARGET_NAME)";
			};
			name = Debug;
		};
		FC1737161C3DD1FC00AA7507 /* Release */ = {
			isa = XCBuildConfiguration;
			buildSettings = {
				ASSETCATALOG_COMPILER_APPICON_NAME = AppIcon;
				INFOPLIST_FILE = InteractiveModal/Info.plist;
				LD_RUNPATH_SEARCH_PATHS = "$(inherited) @executable_path/Frameworks";
				PRODUCT_BUNDLE_IDENTIFIER = com.thorntech.InteractiveModal;
				PRODUCT_NAME = "$(TARGET_NAME)";
			};
			name = Release;
		};
/* End XCBuildConfiguration section */

/* Begin XCConfigurationList section */
		FC1736FD1C3DD1FC00AA7507 /* Build configuration list for PBXProject "InteractiveModal" */ = {
			isa = XCConfigurationList;
			buildConfigurations = (
				FC1737121C3DD1FC00AA7507 /* Debug */,
				FC1737131C3DD1FC00AA7507 /* Release */,
			);
			defaultConfigurationIsVisible = 0;
			defaultConfigurationName = Release;
		};
		FC1737141C3DD1FC00AA7507 /* Build configuration list for PBXNativeTarget "InteractiveModal" */ = {
			isa = XCConfigurationList;
			buildConfigurations = (
				FC1737151C3DD1FC00AA7507 /* Debug */,
				FC1737161C3DD1FC00AA7507 /* Release */,
			);
			defaultConfigurationIsVisible = 0;
		};
/* End XCConfigurationList section */
	};
	rootObject = FC1736FA1C3DD1FC00AA7507 /* Project object */;
}
